
Microsoft Visual Studio Solution File, Format Version 12.00
# Visual Studio Version 17
VisualStudioVersion = 17.0.31919.166
MinimumVisualStudioVersion = 10.0.40219.1
Project("{FAE04EC0-301F-11D3-BF4B-00C04F79EFBC}") = "MCD_SystemXmlKullanimi", "MCD_SystemXmlKullanimi\MCD_SystemXmlKullanimi.csproj", "{1F162925-9E89-45A9-93F5-5E1332634794}"
EndProject
Global
	GlobalSection(SolutionConfigurationPlatforms) = preSolution
		Debug|Any CPU = Debug|Any CPU
		Release|Any CPU = Release|Any CPU
	EndGlobalSection
	GlobalSection(ProjectConfigurationPlatforms) = postSolution
		{1F162925-9E89-45A9-93F5-5E1332634794}.Debug|Any CPU.ActiveCfg = Debug|Any CPU
		{1F162925-9E89-45A9-93F5-5E1332634794}.Debug|Any CPU.Build.0 = Debug|Any CPU
		{1F162925-9E89-45A9-93F5-5E1332634794}.Release|Any CPU.ActiveCfg = Release|Any CPU
		{1F162925-9E89-45A9-93F5-5E1332634794}.Release|Any CPU.Build.0 = Release|Any CPU
	EndGlobalSection
	GlobalSection(SolutionProperties) = preSolution
		HideSolutionNode = FALSE
	EndGlobalSection
	GlobalSection(ExtensibilityGlobals) = postSolution
		SolutionGuid = {AC81A48C-CA34-4E19-BA75-1E21E557C38D}
	EndGlobalSection
EndGlobal
